{
  "version": 4,
  "terraform_version": "1.5.7",
  "serial": 110,
  "lineage": "85198eac-9ac6-99b4-0c71-371a37d6ff7d",
  "outputs": {},
  "resources": [
    {
      "mode": "managed",
      "type": "google_compute_backend_service",
      "name": "backend_vm1_tf",
      "provider": "provider[\"registry.terraform.io/hashicorp/google\"]",
      "instances": [
        {
          "schema_version": 1,
          "attributes": {
            "affinity_cookie_ttl_sec": 0,
            "backend": [
              {
                "balancing_mode": "UTILIZATION",
                "capacity_scaler": 1,
                "description": "",
                "group": "https://www.googleapis.com/compute/v1/projects/amplified-asset-426508-e7/zones/us-central1-a/instanceGroups/ig-vm1-tf",
                "max_connections": 0,
                "max_connections_per_endpoint": 0,
                "max_connections_per_instance": 0,
                "max_rate": 0,
                "max_rate_per_endpoint": 0,
                "max_rate_per_instance": 0,
                "max_utilization": 0
              }
            ],
            "cdn_policy": [],
            "circuit_breakers": [],
            "compression_mode": "",
            "connection_draining_timeout_sec": 300,
            "consistent_hash": [],
            "creation_timestamp": "2024-06-19T00:17:15.075-07:00",
            "custom_request_headers": [],
            "custom_response_headers": [],
            "description": "",
            "edge_security_policy": "",
            "enable_cdn": false,
            "fingerprint": "0Z_hHPXZO_o=",
            "generated_id": 2388202712477940500,
            "health_checks": [
              "https://www.googleapis.com/compute/v1/projects/amplified-asset-426508-e7/global/httpHealthChecks/health-check-vm1-tf"
            ],
            "iap": [],
            "id": "projects/amplified-asset-426508-e7/global/backendServices/backend-vm1-tf",
            "load_balancing_scheme": "EXTERNAL",
            "locality_lb_policies": [],
            "locality_lb_policy": "",
            "log_config": [
              {
                "enable": false,
                "sample_rate": 0
              }
            ],
            "name": "backend-vm1-tf",
            "outlier_detection": [],
            "port_name": "http",
            "project": "amplified-asset-426508-e7",
            "protocol": "HTTP",
            "security_policy": "",
            "security_settings": [],
            "self_link": "https://www.googleapis.com/compute/v1/projects/amplified-asset-426508-e7/global/backendServices/backend-vm1-tf",
            "service_lb_policy": "",
            "session_affinity": "NONE",
            "timeout_sec": 10,
            "timeouts": null
          },
          "sensitive_attributes": [],
          "private": "eyJlMmJmYjczMC1lY2FhLTExZTYtOGY4OC0zNDM2M2JjN2M0YzAiOnsiY3JlYXRlIjoxMjAwMDAwMDAwMDAwLCJkZWxldGUiOjEyMDAwMDAwMDAwMDAsInVwZGF0ZSI6MTIwMDAwMDAwMDAwMH0sInNjaGVtYV92ZXJzaW9uIjoiMSJ9",
          "dependencies": [
            "google_compute_http_health_check.health_check_vm1_tf",
            "google_compute_instance.vm1_tf",
            "google_compute_instance_group.ig_vm1_tf",
            "google_compute_network.terraform_network_tf"
          ]
        }
      ]
    },
    {
      "mode": "managed",
      "type": "google_compute_backend_service",
      "name": "backend_vm2_tf",
      "provider": "provider[\"registry.terraform.io/hashicorp/google\"]",
      "instances": [
        {
          "schema_version": 1,
          "attributes": {
            "affinity_cookie_ttl_sec": 0,
            "backend": [
              {
                "balancing_mode": "UTILIZATION",
                "capacity_scaler": 1,
                "description": "",
                "group": "https://www.googleapis.com/compute/v1/projects/amplified-asset-426508-e7/zones/us-central1-a/instanceGroups/ig-vm2-tf",
                "max_connections": 0,
                "max_connections_per_endpoint": 0,
                "max_connections_per_instance": 0,
                "max_rate": 0,
                "max_rate_per_endpoint": 0,
                "max_rate_per_instance": 0,
                "max_utilization": 0
              }
            ],
            "cdn_policy": [],
            "circuit_breakers": [],
            "compression_mode": "",
            "connection_draining_timeout_sec": 300,
            "consistent_hash": [],
            "creation_timestamp": "2024-06-19T00:17:15.362-07:00",
            "custom_request_headers": [],
            "custom_response_headers": [],
            "description": "",
            "edge_security_policy": "",
            "enable_cdn": false,
            "fingerprint": "E0kH18JeHc8=",
            "generated_id": 1248066286129199892,
            "health_checks": [
              "https://www.googleapis.com/compute/v1/projects/amplified-asset-426508-e7/global/httpHealthChecks/health-check-vm2-tf"
            ],
            "iap": [],
            "id": "projects/amplified-asset-426508-e7/global/backendServices/backend-vm2-tf",
            "load_balancing_scheme": "EXTERNAL",
            "locality_lb_policies": [],
            "locality_lb_policy": "",
            "log_config": [
              {
                "enable": false,
                "sample_rate": 0
              }
            ],
            "name": "backend-vm2-tf",
            "outlier_detection": [],
            "port_name": "http",
            "project": "amplified-asset-426508-e7",
            "protocol": "HTTP",
            "security_policy": "",
            "security_settings": [],
            "self_link": "https://www.googleapis.com/compute/v1/projects/amplified-asset-426508-e7/global/backendServices/backend-vm2-tf",
            "service_lb_policy": "",
            "session_affinity": "NONE",
            "timeout_sec": 10,
            "timeouts": null
          },
          "sensitive_attributes": [],
          "private": "eyJlMmJmYjczMC1lY2FhLTExZTYtOGY4OC0zNDM2M2JjN2M0YzAiOnsiY3JlYXRlIjoxMjAwMDAwMDAwMDAwLCJkZWxldGUiOjEyMDAwMDAwMDAwMDAsInVwZGF0ZSI6MTIwMDAwMDAwMDAwMH0sInNjaGVtYV92ZXJzaW9uIjoiMSJ9",
          "dependencies": [
            "google_compute_http_health_check.health_check_vm2_tf",
            "google_compute_instance.vm2_tf",
            "google_compute_instance_group.ig_vm2_tf",
            "google_compute_network.terraform_network_tf"
          ]
        }
      ]
    },
    {
      "mode": "managed",
      "type": "google_compute_firewall",
      "name": "allow-ssh-from-iap",
      "provider": "provider[\"registry.terraform.io/hashicorp/google\"]",
      "instances": [
        {
          "schema_version": 1,
          "attributes": {
            "allow": [
              {
                "ports": [
                  "22"
                ],
                "protocol": "tcp"
              }
            ],
            "creation_timestamp": "2024-06-19T00:42:19.257-07:00",
            "deny": [],
            "description": "",
            "destination_ranges": [],
            "direction": "INGRESS",
            "disabled": false,
            "enable_logging": null,
            "id": "projects/amplified-asset-426508-e7/global/firewalls/allow-ssh-from-iap",
            "log_config": [],
            "name": "allow-ssh-from-iap",
            "network": "https://www.googleapis.com/compute/v1/projects/amplified-asset-426508-e7/global/networks/terraform-network-tf",
            "priority": 1000,
            "project": "amplified-asset-426508-e7",
            "self_link": "https://www.googleapis.com/compute/v1/projects/amplified-asset-426508-e7/global/firewalls/allow-ssh-from-iap",
            "source_ranges": [
              "35.235.240.0/20"
            ],
            "source_service_accounts": [],
            "source_tags": [],
            "target_service_accounts": [],
            "target_tags": [],
            "timeouts": null
          },
          "sensitive_attributes": [],
          "private": "eyJlMmJmYjczMC1lY2FhLTExZTYtOGY4OC0zNDM2M2JjN2M0YzAiOnsiY3JlYXRlIjoxMjAwMDAwMDAwMDAwLCJkZWxldGUiOjEyMDAwMDAwMDAwMDAsInVwZGF0ZSI6MTIwMDAwMDAwMDAwMH0sInNjaGVtYV92ZXJzaW9uIjoiMSJ9",
          "dependencies": [
            "google_compute_network.terraform_network_tf"
          ]
        }
      ]
    },
    {
      "mode": "managed",
      "type": "google_compute_firewall",
      "name": "allow_http_tf",
      "provider": "provider[\"registry.terraform.io/hashicorp/google\"]",
      "instances": [
        {
          "schema_version": 1,
          "attributes": {
            "allow": [
              {
                "ports": [
                  "80"
                ],
                "protocol": "tcp"
              }
            ],
            "creation_timestamp": "2024-06-19T00:16:44.927-07:00",
            "deny": [],
            "description": "",
            "destination_ranges": [],
            "direction": "INGRESS",
            "disabled": false,
            "enable_logging": null,
            "id": "projects/amplified-asset-426508-e7/global/firewalls/allow-http-tf",
            "log_config": [],
            "name": "allow-http-tf",
            "network": "https://www.googleapis.com/compute/v1/projects/amplified-asset-426508-e7/global/networks/terraform-network-tf",
            "priority": 1000,
            "project": "amplified-asset-426508-e7",
            "self_link": "https://www.googleapis.com/compute/v1/projects/amplified-asset-426508-e7/global/firewalls/allow-http-tf",
            "source_ranges": [
              "0.0.0.0/0"
            ],
            "source_service_accounts": [],
            "source_tags": [],
            "target_service_accounts": [],
            "target_tags": [],
            "timeouts": null
          },
          "sensitive_attributes": [],
          "private": "eyJlMmJmYjczMC1lY2FhLTExZTYtOGY4OC0zNDM2M2JjN2M0YzAiOnsiY3JlYXRlIjoxMjAwMDAwMDAwMDAwLCJkZWxldGUiOjEyMDAwMDAwMDAwMDAsInVwZGF0ZSI6MTIwMDAwMDAwMDAwMH0sInNjaGVtYV92ZXJzaW9uIjoiMSJ9",
          "dependencies": [
            "google_compute_network.terraform_network_tf"
          ]
        }
      ]
    },
    {
      "mode": "managed",
      "type": "google_compute_global_forwarding_rule",
      "name": "http_forwarding_rule_tf",
      "provider": "provider[\"registry.terraform.io/hashicorp/google\"]",
      "instances": [
        {
          "schema_version": 0,
          "attributes": {
            "base_forwarding_rule": "",
            "description": "",
            "effective_labels": {},
            "id": "projects/amplified-asset-426508-e7/global/forwardingRules/http-forwarding-rule-tf",
            "ip_address": "34.144.228.128",
            "ip_protocol": "TCP",
            "ip_version": "",
            "label_fingerprint": "42WmSpB8rSM=",
            "labels": {},
            "load_balancing_scheme": "EXTERNAL",
            "metadata_filters": [],
            "name": "http-forwarding-rule-tf",
            "network": "",
            "no_automate_dns_zone": null,
            "port_range": "80-80",
            "project": "amplified-asset-426508-e7",
            "psc_connection_id": "",
            "psc_connection_status": "",
            "self_link": "https://www.googleapis.com/compute/v1/projects/amplified-asset-426508-e7/global/forwardingRules/http-forwarding-rule-tf",
            "service_directory_registrations": [],
            "source_ip_ranges": [],
            "subnetwork": "",
            "target": "https://www.googleapis.com/compute/v1/projects/amplified-asset-426508-e7/global/targetHttpProxies/http-lb-proxy-tf",
            "terraform_labels": {},
            "timeouts": null
          },
          "sensitive_attributes": [],
          "private": "eyJlMmJmYjczMC1lY2FhLTExZTYtOGY4OC0zNDM2M2JjN2M0YzAiOnsiY3JlYXRlIjoxMjAwMDAwMDAwMDAwLCJkZWxldGUiOjEyMDAwMDAwMDAwMDAsInVwZGF0ZSI6MTIwMDAwMDAwMDAwMH19",
          "dependencies": [
            "google_compute_backend_service.backend_vm1_tf",
            "google_compute_backend_service.backend_vm2_tf",
            "google_compute_http_health_check.health_check_vm1_tf",
            "google_compute_http_health_check.health_check_vm2_tf",
            "google_compute_instance.vm1_tf",
            "google_compute_instance.vm2_tf",
            "google_compute_instance_group.ig_vm1_tf",
            "google_compute_instance_group.ig_vm2_tf",
            "google_compute_network.terraform_network_tf",
            "google_compute_target_http_proxy.http_proxy_tf",
            "google_compute_url_map.url_map_tf"
          ]
        }
      ]
    },
    {
      "mode": "managed",
      "type": "google_compute_http_health_check",
      "name": "health_check_vm1_tf",
      "provider": "provider[\"registry.terraform.io/hashicorp/google\"]",
      "instances": [
        {
          "schema_version": 0,
          "attributes": {
            "check_interval_sec": 1,
            "creation_timestamp": "2024-06-19T00:15:51.698-07:00",
            "description": "",
            "healthy_threshold": 2,
            "host": "",
            "id": "projects/amplified-asset-426508-e7/global/httpHealthChecks/health-check-vm1-tf",
            "name": "health-check-vm1-tf",
            "port": 80,
            "project": "amplified-asset-426508-e7",
            "request_path": "/",
            "self_link": "https://www.googleapis.com/compute/v1/projects/amplified-asset-426508-e7/global/httpHealthChecks/health-check-vm1-tf",
            "timeout_sec": 1,
            "timeouts": null,
            "unhealthy_threshold": 2
          },
          "sensitive_attributes": [],
          "private": "eyJlMmJmYjczMC1lY2FhLTExZTYtOGY4OC0zNDM2M2JjN2M0YzAiOnsiY3JlYXRlIjoxMjAwMDAwMDAwMDAwLCJkZWxldGUiOjEyMDAwMDAwMDAwMDAsInVwZGF0ZSI6MTIwMDAwMDAwMDAwMH19"
        }
      ]
    },
    {
      "mode": "managed",
      "type": "google_compute_http_health_check",
      "name": "health_check_vm2_tf",
      "provider": "provider[\"registry.terraform.io/hashicorp/google\"]",
      "instances": [
        {
          "schema_version": 0,
          "attributes": {
            "check_interval_sec": 1,
            "creation_timestamp": "2024-06-19T00:15:51.702-07:00",
            "description": "",
            "healthy_threshold": 2,
            "host": "",
            "id": "projects/amplified-asset-426508-e7/global/httpHealthChecks/health-check-vm2-tf",
            "name": "health-check-vm2-tf",
            "port": 80,
            "project": "amplified-asset-426508-e7",
            "request_path": "/",
            "self_link": "https://www.googleapis.com/compute/v1/projects/amplified-asset-426508-e7/global/httpHealthChecks/health-check-vm2-tf",
            "timeout_sec": 1,
            "timeouts": null,
            "unhealthy_threshold": 2
          },
          "sensitive_attributes": [],
          "private": "eyJlMmJmYjczMC1lY2FhLTExZTYtOGY4OC0zNDM2M2JjN2M0YzAiOnsiY3JlYXRlIjoxMjAwMDAwMDAwMDAwLCJkZWxldGUiOjEyMDAwMDAwMDAwMDAsInVwZGF0ZSI6MTIwMDAwMDAwMDAwMH19"
        }
      ]
    },
    {
      "mode": "managed",
      "type": "google_compute_instance",
      "name": "vm1_tf",
      "provider": "provider[\"registry.terraform.io/hashicorp/google\"]",
      "instances": [
        {
          "schema_version": 6,
          "attributes": {
            "advanced_machine_features": [],
            "allow_stopping_for_update": null,
            "attached_disk": [],
            "boot_disk": [
              {
                "auto_delete": true,
                "device_name": "persistent-disk-0",
                "disk_encryption_key_raw": "",
                "disk_encryption_key_sha256": "",
                "initialize_params": [
                  {
                    "enable_confidential_compute": false,
                    "image": "https://www.googleapis.com/compute/v1/projects/debian-cloud/global/images/debian-11-bullseye-v20240611",
                    "labels": {},
                    "provisioned_iops": 0,
                    "provisioned_throughput": 0,
                    "resource_manager_tags": {},
                    "size": 10,
                    "type": "pd-standard"
                  }
                ],
                "kms_key_self_link": "",
                "mode": "READ_WRITE",
                "source": "https://www.googleapis.com/compute/v1/projects/amplified-asset-426508-e7/zones/us-central1-a/disks/vm1-tf"
              }
            ],
            "can_ip_forward": false,
            "confidential_instance_config": [],
            "cpu_platform": "Intel Haswell",
            "current_status": "RUNNING",
            "deletion_protection": false,
            "description": "",
            "desired_status": null,
            "effective_labels": {},
            "enable_display": false,
            "guest_accelerator": [],
            "hostname": "",
            "id": "projects/amplified-asset-426508-e7/zones/us-central1-a/instances/vm1-tf",
            "instance_id": "48048218853817137",
            "label_fingerprint": "42WmSpB8rSM=",
            "labels": {},
            "machine_type": "f1-micro",
            "metadata": {},
            "metadata_fingerprint": "iEcwNR2fgZo=",
            "metadata_startup_script": "#!/bin/bash\napt-get update\napt-get install -y apache2\necho \"Hello from Public Server\" \u003e /var/www/html/index.html\nsystemctl restart apache2\n",
            "min_cpu_platform": "",
            "name": "vm1-tf",
            "network_interface": [
              {
                "access_config": [],
                "alias_ip_range": [],
                "internal_ipv6_prefix_length": 0,
                "ipv6_access_config": [],
                "ipv6_access_type": "",
                "ipv6_address": "",
                "name": "nic0",
                "network": "https://www.googleapis.com/compute/v1/projects/amplified-asset-426508-e7/global/networks/terraform-network-tf",
                "network_ip": "10.128.0.2",
                "nic_type": "",
                "queue_count": 0,
                "stack_type": "IPV4_ONLY",
                "subnetwork": "https://www.googleapis.com/compute/v1/projects/amplified-asset-426508-e7/regions/us-central1/subnetworks/terraform-network-tf",
                "subnetwork_project": "amplified-asset-426508-e7"
              }
            ],
            "network_performance_config": [],
            "params": [],
            "project": "amplified-asset-426508-e7",
            "reservation_affinity": [],
            "resource_policies": [],
            "scheduling": [
              {
                "automatic_restart": true,
                "instance_termination_action": "",
                "local_ssd_recovery_timeout": [],
                "min_node_cpus": 0,
                "node_affinities": [],
                "on_host_maintenance": "MIGRATE",
                "preemptible": false,
                "provisioning_model": "STANDARD"
              }
            ],
            "scratch_disk": [],
            "self_link": "https://www.googleapis.com/compute/v1/projects/amplified-asset-426508-e7/zones/us-central1-a/instances/vm1-tf",
            "service_account": [],
            "shielded_instance_config": [
              {
                "enable_integrity_monitoring": true,
                "enable_secure_boot": false,
                "enable_vtpm": true
              }
            ],
            "tags": [],
            "tags_fingerprint": "42WmSpB8rSM=",
            "terraform_labels": {},
            "timeouts": null,
            "zone": "us-central1-a"
          },
          "sensitive_attributes": [],
          "private": "eyJlMmJmYjczMC1lY2FhLTExZTYtOGY4OC0zNDM2M2JjN2M0YzAiOnsiY3JlYXRlIjoxMjAwMDAwMDAwMDAwLCJkZWxldGUiOjEyMDAwMDAwMDAwMDAsInVwZGF0ZSI6MTIwMDAwMDAwMDAwMH0sInNjaGVtYV92ZXJzaW9uIjoiNiJ9",
          "dependencies": [
            "google_compute_network.terraform_network_tf"
          ]
        }
      ]
    },
    {
      "mode": "managed",
      "type": "google_compute_instance",
      "name": "vm2_tf",
      "provider": "provider[\"registry.terraform.io/hashicorp/google\"]",
      "instances": [
        {
          "schema_version": 6,
          "attributes": {
            "advanced_machine_features": [],
            "allow_stopping_for_update": null,
            "attached_disk": [],
            "boot_disk": [
              {
                "auto_delete": true,
                "device_name": "persistent-disk-0",
                "disk_encryption_key_raw": "",
                "disk_encryption_key_sha256": "",
                "initialize_params": [
                  {
                    "enable_confidential_compute": false,
                    "image": "https://www.googleapis.com/compute/v1/projects/debian-cloud/global/images/debian-11-bullseye-v20240611",
                    "labels": {},
                    "provisioned_iops": 0,
                    "provisioned_throughput": 0,
                    "resource_manager_tags": {},
                    "size": 10,
                    "type": "pd-standard"
                  }
                ],
                "kms_key_self_link": "",
                "mode": "READ_WRITE",
                "source": "https://www.googleapis.com/compute/v1/projects/amplified-asset-426508-e7/zones/us-central1-a/disks/vm2-tf"
              }
            ],
            "can_ip_forward": false,
            "confidential_instance_config": [],
            "cpu_platform": "Intel Haswell",
            "current_status": "RUNNING",
            "deletion_protection": false,
            "description": "",
            "desired_status": null,
            "effective_labels": {},
            "enable_display": false,
            "guest_accelerator": [],
            "hostname": "",
            "id": "projects/amplified-asset-426508-e7/zones/us-central1-a/instances/vm2-tf",
            "instance_id": "8360460587034950449",
            "label_fingerprint": "42WmSpB8rSM=",
            "labels": {},
            "machine_type": "f1-micro",
            "metadata": {},
            "metadata_fingerprint": "7_379Q6IT38=",
            "metadata_startup_script": "#!/bin/bash\napt-get update\napt-get install -y apache2\necho \"Hello from Private Server\" \u003e /var/www/html/index.html\nsystemctl restart apache2\n",
            "min_cpu_platform": "",
            "name": "vm2-tf",
            "network_interface": [
              {
                "access_config": [],
                "alias_ip_range": [],
                "internal_ipv6_prefix_length": 0,
                "ipv6_access_config": [],
                "ipv6_access_type": "",
                "ipv6_address": "",
                "name": "nic0",
                "network": "https://www.googleapis.com/compute/v1/projects/amplified-asset-426508-e7/global/networks/terraform-network-tf",
                "network_ip": "10.128.0.3",
                "nic_type": "",
                "queue_count": 0,
                "stack_type": "IPV4_ONLY",
                "subnetwork": "https://www.googleapis.com/compute/v1/projects/amplified-asset-426508-e7/regions/us-central1/subnetworks/terraform-network-tf",
                "subnetwork_project": "amplified-asset-426508-e7"
              }
            ],
            "network_performance_config": [],
            "params": [],
            "project": "amplified-asset-426508-e7",
            "reservation_affinity": [],
            "resource_policies": [],
            "scheduling": [
              {
                "automatic_restart": true,
                "instance_termination_action": "",
                "local_ssd_recovery_timeout": [],
                "min_node_cpus": 0,
                "node_affinities": [],
                "on_host_maintenance": "MIGRATE",
                "preemptible": false,
                "provisioning_model": "STANDARD"
              }
            ],
            "scratch_disk": [],
            "self_link": "https://www.googleapis.com/compute/v1/projects/amplified-asset-426508-e7/zones/us-central1-a/instances/vm2-tf",
            "service_account": [],
            "shielded_instance_config": [
              {
                "enable_integrity_monitoring": true,
                "enable_secure_boot": false,
                "enable_vtpm": true
              }
            ],
            "tags": [],
            "tags_fingerprint": "42WmSpB8rSM=",
            "terraform_labels": {},
            "timeouts": null,
            "zone": "us-central1-a"
          },
          "sensitive_attributes": [],
          "private": "eyJlMmJmYjczMC1lY2FhLTExZTYtOGY4OC0zNDM2M2JjN2M0YzAiOnsiY3JlYXRlIjoxMjAwMDAwMDAwMDAwLCJkZWxldGUiOjEyMDAwMDAwMDAwMDAsInVwZGF0ZSI6MTIwMDAwMDAwMDAwMH0sInNjaGVtYV92ZXJzaW9uIjoiNiJ9",
          "dependencies": [
            "google_compute_network.terraform_network_tf"
          ]
        }
      ]
    },
    {
      "mode": "managed",
      "type": "google_compute_instance_group",
      "name": "ig_vm1_tf",
      "provider": "provider[\"registry.terraform.io/hashicorp/google\"]",
      "instances": [
        {
          "schema_version": 2,
          "attributes": {
            "description": "",
            "id": "projects/amplified-asset-426508-e7/zones/us-central1-a/instanceGroups/ig-vm1-tf",
            "instances": [
              "https://www.googleapis.com/compute/v1/projects/amplified-asset-426508-e7/zones/us-central1-a/instances/vm1-tf"
            ],
            "name": "ig-vm1-tf",
            "named_port": [],
            "network": "https://www.googleapis.com/compute/v1/projects/amplified-asset-426508-e7/global/networks/terraform-network-tf",
            "project": "amplified-asset-426508-e7",
            "self_link": "https://www.googleapis.com/compute/v1/projects/amplified-asset-426508-e7/zones/us-central1-a/instanceGroups/ig-vm1-tf",
            "size": 1,
            "timeouts": null,
            "zone": "us-central1-a"
          },
          "sensitive_attributes": [],
          "private": "eyJlMmJmYjczMC1lY2FhLTExZTYtOGY4OC0zNDM2M2JjN2M0YzAiOnsiY3JlYXRlIjozNjAwMDAwMDAwMDAsImRlbGV0ZSI6MzYwMDAwMDAwMDAwLCJ1cGRhdGUiOjM2MDAwMDAwMDAwMH0sInNjaGVtYV92ZXJzaW9uIjoiMiJ9",
          "dependencies": [
            "google_compute_instance.vm1_tf",
            "google_compute_network.terraform_network_tf"
          ]
        }
      ]
    },
    {
      "mode": "managed",
      "type": "google_compute_instance_group",
      "name": "ig_vm2_tf",
      "provider": "provider[\"registry.terraform.io/hashicorp/google\"]",
      "instances": [
        {
          "schema_version": 2,
          "attributes": {
            "description": "",
            "id": "projects/amplified-asset-426508-e7/zones/us-central1-a/instanceGroups/ig-vm2-tf",
            "instances": [
              "https://www.googleapis.com/compute/v1/projects/amplified-asset-426508-e7/zones/us-central1-a/instances/vm2-tf"
            ],
            "name": "ig-vm2-tf",
            "named_port": [],
            "network": "https://www.googleapis.com/compute/v1/projects/amplified-asset-426508-e7/global/networks/terraform-network-tf",
            "project": "amplified-asset-426508-e7",
            "self_link": "https://www.googleapis.com/compute/v1/projects/amplified-asset-426508-e7/zones/us-central1-a/instanceGroups/ig-vm2-tf",
            "size": 1,
            "timeouts": null,
            "zone": "us-central1-a"
          },
          "sensitive_attributes": [],
          "private": "eyJlMmJmYjczMC1lY2FhLTExZTYtOGY4OC0zNDM2M2JjN2M0YzAiOnsiY3JlYXRlIjozNjAwMDAwMDAwMDAsImRlbGV0ZSI6MzYwMDAwMDAwMDAwLCJ1cGRhdGUiOjM2MDAwMDAwMDAwMH0sInNjaGVtYV92ZXJzaW9uIjoiMiJ9",
          "dependencies": [
            "google_compute_instance.vm2_tf",
            "google_compute_network.terraform_network_tf"
          ]
        }
      ]
    },
    {
      "mode": "managed",
      "type": "google_compute_network",
      "name": "terraform_network_tf",
      "provider": "provider[\"registry.terraform.io/hashicorp/google\"]",
      "instances": [
        {
          "schema_version": 0,
          "attributes": {
            "auto_create_subnetworks": true,
            "delete_default_routes_on_create": false,
            "description": "",
            "enable_ula_internal_ipv6": false,
            "gateway_ipv4": "",
            "id": "projects/amplified-asset-426508-e7/global/networks/terraform-network-tf",
            "internal_ipv6_range": "",
            "mtu": 0,
            "name": "terraform-network-tf",
            "network_firewall_policy_enforcement_order": "AFTER_CLASSIC_FIREWALL",
            "numeric_id": "8441741859564239687",
            "project": "amplified-asset-426508-e7",
            "routing_mode": "REGIONAL",
            "self_link": "https://www.googleapis.com/compute/v1/projects/amplified-asset-426508-e7/global/networks/terraform-network-tf",
            "timeouts": null
          },
          "sensitive_attributes": [],
          "private": "eyJlMmJmYjczMC1lY2FhLTExZTYtOGY4OC0zNDM2M2JjN2M0YzAiOnsiY3JlYXRlIjoxMjAwMDAwMDAwMDAwLCJkZWxldGUiOjEyMDAwMDAwMDAwMDAsInVwZGF0ZSI6MTIwMDAwMDAwMDAwMH19"
        }
      ]
    },
    {
      "mode": "managed",
      "type": "google_compute_router",
      "name": "nat_router_tf",
      "provider": "provider[\"registry.terraform.io/hashicorp/google\"]",
      "instances": [
        {
          "schema_version": 0,
          "attributes": {
            "bgp": [],
            "creation_timestamp": "2024-06-19T00:30:30.132-07:00",
            "description": "",
            "encrypted_interconnect_router": false,
            "id": "projects/amplified-asset-426508-e7/regions/us-central1/routers/nat-router-tf",
            "name": "nat-router-tf",
            "network": "https://www.googleapis.com/compute/v1/projects/amplified-asset-426508-e7/global/networks/terraform-network-tf",
            "project": "amplified-asset-426508-e7",
            "region": "us-central1",
            "self_link": "https://www.googleapis.com/compute/v1/projects/amplified-asset-426508-e7/regions/us-central1/routers/nat-router-tf",
            "timeouts": null
          },
          "sensitive_attributes": [],
          "private": "eyJlMmJmYjczMC1lY2FhLTExZTYtOGY4OC0zNDM2M2JjN2M0YzAiOnsiY3JlYXRlIjoxMjAwMDAwMDAwMDAwLCJkZWxldGUiOjEyMDAwMDAwMDAwMDAsInVwZGF0ZSI6MTIwMDAwMDAwMDAwMH19",
          "dependencies": [
            "google_compute_network.terraform_network_tf"
          ]
        }
      ]
    },
    {
      "mode": "managed",
      "type": "google_compute_router_nat",
      "name": "nat_tf",
      "provider": "provider[\"registry.terraform.io/hashicorp/google\"]",
      "instances": [
        {
          "schema_version": 0,
          "attributes": {
            "auto_network_tier": "PREMIUM",
            "drain_nat_ips": [],
            "enable_dynamic_port_allocation": false,
            "enable_endpoint_independent_mapping": false,
            "endpoint_types": [
              "ENDPOINT_TYPE_VM"
            ],
            "icmp_idle_timeout_sec": 30,
            "id": "amplified-asset-426508-e7/us-central1/nat-router-tf/nat-tf",
            "log_config": [],
            "max_ports_per_vm": 0,
            "min_ports_per_vm": 0,
            "name": "nat-tf",
            "nat_ip_allocate_option": "AUTO_ONLY",
            "nat_ips": [],
            "project": "amplified-asset-426508-e7",
            "region": "us-central1",
            "router": "nat-router-tf",
            "rules": [],
            "source_subnetwork_ip_ranges_to_nat": "ALL_SUBNETWORKS_ALL_IP_RANGES",
            "subnetwork": [],
            "tcp_established_idle_timeout_sec": 1200,
            "tcp_time_wait_timeout_sec": 120,
            "tcp_transitory_idle_timeout_sec": 30,
            "timeouts": null,
            "udp_idle_timeout_sec": 30
          },
          "sensitive_attributes": [],
          "private": "eyJlMmJmYjczMC1lY2FhLTExZTYtOGY4OC0zNDM2M2JjN2M0YzAiOnsiY3JlYXRlIjoxMjAwMDAwMDAwMDAwLCJkZWxldGUiOjEyMDAwMDAwMDAwMDAsInVwZGF0ZSI6MTIwMDAwMDAwMDAwMH19",
          "dependencies": [
            "google_compute_network.terraform_network_tf",
            "google_compute_router.nat_router_tf"
          ]
        }
      ]
    },
    {
      "mode": "managed",
      "type": "google_compute_target_http_proxy",
      "name": "http_proxy_tf",
      "provider": "provider[\"registry.terraform.io/hashicorp/google\"]",
      "instances": [
        {
          "schema_version": 0,
          "attributes": {
            "creation_timestamp": "2024-06-19T00:18:39.686-07:00",
            "description": "",
            "http_keep_alive_timeout_sec": 0,
            "id": "projects/amplified-asset-426508-e7/global/targetHttpProxies/http-lb-proxy-tf",
            "name": "http-lb-proxy-tf",
            "project": "amplified-asset-426508-e7",
            "proxy_bind": false,
            "proxy_id": 5685749066133092512,
            "self_link": "https://www.googleapis.com/compute/v1/projects/amplified-asset-426508-e7/global/targetHttpProxies/http-lb-proxy-tf",
            "timeouts": null,
            "url_map": "https://www.googleapis.com/compute/v1/projects/amplified-asset-426508-e7/global/urlMaps/url-map-tf"
          },
          "sensitive_attributes": [],
          "private": "eyJlMmJmYjczMC1lY2FhLTExZTYtOGY4OC0zNDM2M2JjN2M0YzAiOnsiY3JlYXRlIjoxMjAwMDAwMDAwMDAwLCJkZWxldGUiOjEyMDAwMDAwMDAwMDAsInVwZGF0ZSI6MTIwMDAwMDAwMDAwMH19",
          "dependencies": [
            "google_compute_backend_service.backend_vm1_tf",
            "google_compute_backend_service.backend_vm2_tf",
            "google_compute_http_health_check.health_check_vm1_tf",
            "google_compute_http_health_check.health_check_vm2_tf",
            "google_compute_instance.vm1_tf",
            "google_compute_instance.vm2_tf",
            "google_compute_instance_group.ig_vm1_tf",
            "google_compute_instance_group.ig_vm2_tf",
            "google_compute_network.terraform_network_tf",
            "google_compute_url_map.url_map_tf"
          ]
        }
      ]
    },
    {
      "mode": "managed",
      "type": "google_compute_url_map",
      "name": "url_map_tf",
      "provider": "provider[\"registry.terraform.io/hashicorp/google\"]",
      "instances": [
        {
          "schema_version": 0,
          "attributes": {
            "creation_timestamp": "2024-06-19T00:18:28.286-07:00",
            "default_route_action": [],
            "default_service": "https://www.googleapis.com/compute/v1/projects/amplified-asset-426508-e7/global/backendServices/backend-vm2-tf",
            "default_url_redirect": [],
            "description": "",
            "fingerprint": "zpyne8Dwv3A=",
            "header_action": [],
            "host_rule": [
              {
                "description": "",
                "hosts": [
                  "*"
                ],
                "path_matcher": "path-matcher-tf"
              }
            ],
            "id": "projects/amplified-asset-426508-e7/global/urlMaps/url-map-tf",
            "map_id": 1844281031840970923,
            "name": "url-map-tf",
            "path_matcher": [
              {
                "default_route_action": [],
                "default_service": "",
                "default_url_redirect": [],
                "description": "",
                "header_action": [],
                "name": "path-matcher-tf",
                "path_rule": [
                  {
                    "paths": [
                      "/public"
                    ],
                    "route_action": [],
                    "service": "https://www.googleapis.com/compute/v1/projects/amplified-asset-426508-e7/global/backendServices/backend-vm1-tf",
                    "url_redirect": []
                  },
                  {
                    "paths": [
                      "/internal"
                    ],
                    "route_action": [],
                    "service": "https://www.googleapis.com/compute/v1/projects/amplified-asset-426508-e7/global/backendServices/backend-vm2-tf",
                    "url_redirect": []
                  }
                ],
                "route_rules": []
              }
            ],
            "project": "amplified-asset-426508-e7",
            "self_link": "https://www.googleapis.com/compute/v1/projects/amplified-asset-426508-e7/global/urlMaps/url-map-tf",
            "test": [],
            "timeouts": null
          },
          "sensitive_attributes": [],
          "private": "eyJlMmJmYjczMC1lY2FhLTExZTYtOGY4OC0zNDM2M2JjN2M0YzAiOnsiY3JlYXRlIjoxMjAwMDAwMDAwMDAwLCJkZWxldGUiOjEyMDAwMDAwMDAwMDAsInVwZGF0ZSI6MTIwMDAwMDAwMDAwMH19",
          "dependencies": [
            "google_compute_backend_service.backend_vm1_tf",
            "google_compute_backend_service.backend_vm2_tf"
          ]
        }
      ]
    }
  ],
  "check_results": null
}
